// !$*UTF8*$!
{
	archiveVersion = 1;
	classes = {
	};
	objectVersion = 46;
	objects = {

/* Begin PBXBuildFile section */
		4ED9F9CB5466E3D62044FC9A /* Pods_TwitterDemo.framework in Frameworks */ = {isa = PBXBuildFile; fileRef = F1FFBEC34CA650C16812296A /* Pods_TwitterDemo.framework */; };
		605396831EA0982500E7879F /* LoginViewController.swift in Sources */ = {isa = PBXBuildFile; fileRef = 605396821EA0982500E7879F /* LoginViewController.swift */; };
		605396881EA1EC0500E7879F /* User.swift in Sources */ = {isa = PBXBuildFile; fileRef = 605396871EA1EC0500E7879F /* User.swift */; };
		6053968A1EA1EC1400E7879F /* Tweet.swift in Sources */ = {isa = PBXBuildFile; fileRef = 605396891EA1EC1400E7879F /* Tweet.swift */; };
		6053968C1EA2CCF600E7879F /* TwitterClient.swift in Sources */ = {isa = PBXBuildFile; fileRef = 6053968B1EA2CCF600E7879F /* TwitterClient.swift */; };
		6053968E1EA2E34D00E7879F /* TweetsViewController.swift in Sources */ = {isa = PBXBuildFile; fileRef = 6053968D1EA2E34D00E7879F /* TweetsViewController.swift */; };
		605396901EA302BB00E7879F /* TweetViewCell.swift in Sources */ = {isa = PBXBuildFile; fileRef = 6053968F1EA302BB00E7879F /* TweetViewCell.swift */; };
		605396941EA32CE600E7879F /* TweetViewController.swift in Sources */ = {isa = PBXBuildFile; fileRef = 605396931EA32CE600E7879F /* TweetViewController.swift */; };
		605396961EA33B9F00E7879F /* ComposeViewController.swift in Sources */ = {isa = PBXBuildFile; fileRef = 605396951EA33B9F00E7879F /* ComposeViewController.swift */; };
		6083387F1EA3513400B07268 /* ReplyViewController.swift in Sources */ = {isa = PBXBuildFile; fileRef = 6083387E1EA3513400B07268 /* ReplyViewController.swift */; };
		608338821EA3766D00B07268 /* TweetsRefreshDelegate.swift in Sources */ = {isa = PBXBuildFile; fileRef = 608338811EA3766D00B07268 /* TweetsRefreshDelegate.swift */; };
		609AA1AB1EA0973800A46E02 /* AppDelegate.swift in Sources */ = {isa = PBXBuildFile; fileRef = 609AA1AA1EA0973800A46E02 /* AppDelegate.swift */; };
		609AA1B01EA0973900A46E02 /* Main.storyboard in Resources */ = {isa = PBXBuildFile; fileRef = 609AA1AE1EA0973900A46E02 /* Main.storyboard */; };
		609AA1B21EA0973900A46E02 /* Assets.xcassets in Resources */ = {isa = PBXBuildFile; fileRef = 609AA1B11EA0973900A46E02 /* Assets.xcassets */; };
		609AA1B51EA0973900A46E02 /* LaunchScreen.storyboard in Resources */ = {isa = PBXBuildFile; fileRef = 609AA1B31EA0973900A46E02 /* LaunchScreen.storyboard */; };
/* End PBXBuildFile section */

/* Begin PBXFileReference section */
		0638596EDD72281197752030 /* Pods-TwitterDemo.debug.xcconfig */ = {isa = PBXFileReference; includeInIndex = 1; lastKnownFileType = text.xcconfig; name = "Pods-TwitterDemo.debug.xcconfig"; path = "Pods/Target Support Files/Pods-TwitterDemo/Pods-TwitterDemo.debug.xcconfig"; sourceTree = "<group>"; };
		18E3171FFEEF36306B9DA510 /* Pods-TwitterDemo.release.xcconfig */ = {isa = PBXFileReference; includeInIndex = 1; lastKnownFileType = text.xcconfig; name = "Pods-TwitterDemo.release.xcconfig"; path = "Pods/Target Support Files/Pods-TwitterDemo/Pods-TwitterDemo.release.xcconfig"; sourceTree = "<group>"; };
		605396821EA0982500E7879F /* LoginViewController.swift */ = {isa = PBXFileReference; fileEncoding = 4; lastKnownFileType = sourcecode.swift; path = LoginViewController.swift; sourceTree = "<group>"; };
		605396871EA1EC0500E7879F /* User.swift */ = {isa = PBXFileReference; fileEncoding = 4; lastKnownFileType = sourcecode.swift; path = User.swift; sourceTree = "<group>"; };
		605396891EA1EC1400E7879F /* Tweet.swift */ = {isa = PBXFileReference; fileEncoding = 4; lastKnownFileType = sourcecode.swift; path = Tweet.swift; sourceTree = "<group>"; };
		6053968B1EA2CCF600E7879F /* TwitterClient.swift */ = {isa = PBXFileReference; fileEncoding = 4; lastKnownFileType = sourcecode.swift; path = TwitterClient.swift; sourceTree = "<group>"; };
		6053968D1EA2E34D00E7879F /* TweetsViewController.swift */ = {isa = PBXFileReference; fileEncoding = 4; lastKnownFileType = sourcecode.swift; path = TweetsViewController.swift; sourceTree = "<group>"; };
		6053968F1EA302BB00E7879F /* TweetViewCell.swift */ = {isa = PBXFileReference; fileEncoding = 4; lastKnownFileType = sourcecode.swift; path = TweetViewCell.swift; sourceTree = "<group>"; };
		605396931EA32CE600E7879F /* TweetViewController.swift */ = {isa = PBXFileReference; fileEncoding = 4; lastKnownFileType = sourcecode.swift; path = TweetViewController.swift; sourceTree = "<group>"; };
		605396951EA33B9F00E7879F /* ComposeViewController.swift */ = {isa = PBXFileReference; fileEncoding = 4; lastKnownFileType = sourcecode.swift; path = ComposeViewController.swift; sourceTree = "<group>"; };
		6083387E1EA3513400B07268 /* ReplyViewController.swift */ = {isa = PBXFileReference; fileEncoding = 4; lastKnownFileType = sourcecode.swift; path = ReplyViewController.swift; sourceTree = "<group>"; };
		608338811EA3766D00B07268 /* TweetsRefreshDelegate.swift */ = {isa = PBXFileReference; fileEncoding = 4; lastKnownFileType = sourcecode.swift; path = TweetsRefreshDelegate.swift; sourceTree = "<group>"; };
		609AA1A71EA0973800A46E02 /* TwitterDemo.app */ = {isa = PBXFileReference; explicitFileType = wrapper.application; includeInIndex = 0; path = TwitterDemo.app; sourceTree = BUILT_PRODUCTS_DIR; };
		609AA1AA1EA0973800A46E02 /* AppDelegate.swift */ = {isa = PBXFileReference; lastKnownFileType = sourcecode.swift; path = AppDelegate.swift; sourceTree = "<group>"; };
		609AA1AF1EA0973900A46E02 /* Base */ = {isa = PBXFileReference; lastKnownFileType = file.storyboard; name = Base; path = Base.lproj/Main.storyboard; sourceTree = "<group>"; };
		609AA1B11EA0973900A46E02 /* Assets.xcassets */ = {isa = PBXFileReference; lastKnownFileType = folder.assetcatalog; path = Assets.xcassets; sourceTree = "<group>"; };
		609AA1B41EA0973900A46E02 /* Base */ = {isa = PBXFileReference; lastKnownFileType = file.storyboard; name = Base; path = Base.lproj/LaunchScreen.storyboard; sourceTree = "<group>"; };
		609AA1B61EA0973900A46E02 /* Info.plist */ = {isa = PBXFileReference; lastKnownFileType = text.plist.xml; path = Info.plist; sourceTree = "<group>"; };
		F1FFBEC34CA650C16812296A /* Pods_TwitterDemo.framework */ = {isa = PBXFileReference; explicitFileType = wrapper.framework; includeInIndex = 0; path = Pods_TwitterDemo.framework; sourceTree = BUILT_PRODUCTS_DIR; };
/* End PBXFileReference section */

/* Begin PBXFrameworksBuildPhase section */
		609AA1A41EA0973800A46E02 /* Frameworks */ = {
			isa = PBXFrameworksBuildPhase;
			buildActionMask = 2147483647;
			files = (
				4ED9F9CB5466E3D62044FC9A /* Pods_TwitterDemo.framework in Frameworks */,
			);
			runOnlyForDeploymentPostprocessing = 0;
		};
/* End PBXFrameworksBuildPhase section */

/* Begin PBXGroup section */
		07D47D2889D52CD4753D50E6 /* Frameworks */ = {
			isa = PBXGroup;
			children = (
				F1FFBEC34CA650C16812296A /* Pods_TwitterDemo.framework */,
			);
			name = Frameworks;
			sourceTree = "<group>";
		};
		605396841EA1EBC400E7879F /* View Controllers */ = {
			isa = PBXGroup;
			children = (
				605396821EA0982500E7879F /* LoginViewController.swift */,
				6053968F1EA302BB00E7879F /* TweetViewCell.swift */,
				6053968D1EA2E34D00E7879F /* TweetsViewController.swift */,
				605396931EA32CE600E7879F /* TweetViewController.swift */,
				605396951EA33B9F00E7879F /* ComposeViewController.swift */,
				6083387E1EA3513400B07268 /* ReplyViewController.swift */,
			);
			name = "View Controllers";
			sourceTree = "<group>";
		};
		605396851EA1EBD500E7879F /* API */ = {
			isa = PBXGroup;
			children = (
				6053968B1EA2CCF600E7879F /* TwitterClient.swift */,
			);
			name = API;
			sourceTree = "<group>";
		};
		605396861EA1EBDC00E7879F /* Models */ = {
			isa = PBXGroup;
			children = (
				605396871EA1EC0500E7879F /* User.swift */,
				605396891EA1EC1400E7879F /* Tweet.swift */,
			);
			name = Models;
			sourceTree = "<group>";
		};
		608338801EA3764200B07268 /* Delegates */ = {
			isa = PBXGroup;
			children = (
				608338811EA3766D00B07268 /* TweetsRefreshDelegate.swift */,
			);
			name = Delegates;
			sourceTree = "<group>";
		};
		609AA19E1EA0973800A46E02 = {
			isa = PBXGroup;
			children = (
				609AA1A91EA0973800A46E02 /* TwitterDemo */,
				609AA1A81EA0973800A46E02 /* Products */,
				6EB6D0BFAE6283D173A6989A /* Pods */,
				07D47D2889D52CD4753D50E6 /* Frameworks */,
			);
			sourceTree = "<group>";
		};
		609AA1A81EA0973800A46E02 /* Products */ = {
			isa = PBXGroup;
			children = (
				609AA1A71EA0973800A46E02 /* TwitterDemo.app */,
			);
			name = Products;
			sourceTree = "<group>";
		};
		609AA1A91EA0973800A46E02 /* TwitterDemo */ = {
			isa = PBXGroup;
			children = (
				608338801EA3764200B07268 /* Delegates */,
				605396861EA1EBDC00E7879F /* Models */,
				605396851EA1EBD500E7879F /* API */,
				605396841EA1EBC400E7879F /* View Controllers */,
				609AA1AA1EA0973800A46E02 /* AppDelegate.swift */,
				609AA1AE1EA0973900A46E02 /* Main.storyboard */,
				609AA1B11EA0973900A46E02 /* Assets.xcassets */,
				609AA1B31EA0973900A46E02 /* LaunchScreen.storyboard */,
				609AA1B61EA0973900A46E02 /* Info.plist */,
			);
			path = TwitterDemo;
			sourceTree = "<group>";
		};
		6EB6D0BFAE6283D173A6989A /* Pods */ = {
			isa = PBXGroup;
			children = (
				0638596EDD72281197752030 /* Pods-TwitterDemo.debug.xcconfig */,
				18E3171FFEEF36306B9DA510 /* Pods-TwitterDemo.release.xcconfig */,
			);
			name = Pods;
			sourceTree = "<group>";
		};
/* End PBXGroup section */

/* Begin PBXNativeTarget section */
		609AA1A61EA0973800A46E02 /* TwitterDemo */ = {
			isa = PBXNativeTarget;
			buildConfigurationList = 609AA1B91EA0973900A46E02 /* Build configuration list for PBXNativeTarget "TwitterDemo" */;
			buildPhases = (
				0FACBD72E6CF6BF4AC2D71EF /* [CP] Check Pods Manifest.lock */,
				609AA1A31EA0973800A46E02 /* Sources */,
				609AA1A41EA0973800A46E02 /* Frameworks */,
				609AA1A51EA0973800A46E02 /* Resources */,
				5C73CC08FA3489D9460D740F /* [CP] Embed Pods Frameworks */,
				B82A86BD9FE1C4FD9C2358F7 /* [CP] Copy Pods Resources */,
			);
			buildRules = (
			);
			dependencies = (
			);
			name = TwitterDemo;
			productName = TwitterDemo;
			productReference = 609AA1A71EA0973800A46E02 /* TwitterDemo.app */;
			productType = "com.apple.product-type.application";
		};
/* End PBXNativeTarget section */

/* Begin PBXProject section */
		609AA19F1EA0973800A46E02 /* Project object */ = {
			isa = PBXProject;
			attributes = {
				LastSwiftUpdateCheck = 0830;
				LastUpgradeCheck = 0830;
				ORGANIZATIONNAME = "Nishant nishanko";
				TargetAttributes = {
					609AA1A61EA0973800A46E02 = {
						CreatedOnToolsVersion = 8.3.1;
						ProvisioningStyle = Automatic;
					};
				};
			};
			buildConfigurationList = 609AA1A21EA0973800A46E02 /* Build configuration list for PBXProject "TwitterDemo" */;
			compatibilityVersion = "Xcode 3.2";
			developmentRegion = English;
			hasScannedForEncodings = 0;
			knownRegions = (
				en,
				Base,
			);
			mainGroup = 609AA19E1EA0973800A46E02;
			productRefGroup = 609AA1A81EA0973800A46E02 /* Products */;
			projectDirPath = "";
			projectRoot = "";
			targets = (
				609AA1A61EA0973800A46E02 /* TwitterDemo */,
			);
		};
/* End PBXProject section */

/* Begin PBXResourcesBuildPhase section */
		609AA1A51EA0973800A46E02 /* Resources */ = {
			isa = PBXResourcesBuildPhase;
			buildActionMask = 2147483647;
			files = (
				609AA1B51EA0973900A46E02 /* LaunchScreen.storyboard in Resources */,
				609AA1B21EA0973900A46E02 /* Assets.xcassets in Resources */,
				609AA1B01EA0973900A46E02 /* Main.storyboard in Resources */,
			);
			runOnlyForDeploymentPostprocessing = 0;
		};
/* End PBXResourcesBuildPhase section */

/* Begin PBXShellScriptBuildPhase section */
		0FACBD72E6CF6BF4AC2D71EF /* [CP] Check Pods Manifest.lock */ = {
			isa = PBXShellScriptBuildPhase;
			buildActionMask = 2147483647;
			files = (
			);
			inputPaths = (
			);
			name = "[CP] Check Pods Manifest.lock";
			outputPaths = (
			);
			runOnlyForDeploymentPostprocessing = 0;
			shellPath = /bin/sh;
			shellScript = "diff \"${PODS_ROOT}/../Podfile.lock\" \"${PODS_ROOT}/Manifest.lock\" > /dev/null\nif [ $? != 0 ] ; then\n    # print error to STDERR\n    echo \"error: The sandbox is not in sync with the Podfile.lock. Run 'pod install' or update your CocoaPods installation.\" >&2\n    exit 1\nfi\n";
			showEnvVarsInLog = 0;
		};
		5C73CC08FA3489D9460D740F /* [CP] Embed Pods Frameworks */ = {
			isa = PBXShellScriptBuildPhase;
			buildActionMask = 2147483647;
			files = (
			);
			inputPaths = (
			);
			name = "[CP] Embed Pods Frameworks";
			outputPaths = (
			);
			runOnlyForDeploymentPostprocessing = 0;
			shellPath = /bin/sh;
			shellScript = "\"${SRCROOT}/Pods/Target Support Files/Pods-TwitterDemo/Pods-TwitterDemo-frameworks.sh\"\n";
			showEnvVarsInLog = 0;
		};
		B82A86BD9FE1C4FD9C2358F7 /* [CP] Copy Pods Resources */ = {
			isa = PBXShellScriptBuildPhase;
			buildActionMask = 2147483647;
			files = (
			);
			inputPaths = (
			);
			name = "[CP] Copy Pods Resources";
			outputPaths = (
			);
			runOnlyForDeploymentPostprocessing = 0;
			shellPath = /bin/sh;
			shellScript = "\"${SRCROOT}/Pods/Target Support Files/Pods-TwitterDemo/Pods-TwitterDemo-resources.sh\"\n";
			showEnvVarsInLog = 0;
		};
/* End PBXShellScriptBuildPhase section */

/* Begin PBXSourcesBuildPhase section */
		609AA1A31EA0973800A46E02 /* Sources */ = {
			isa = PBXSourcesBuildPhase;
			buildActionMask = 2147483647;
			files = (
				605396881EA1EC0500E7879F /* User.swift in Sources */,
				6053968A1EA1EC1400E7879F /* Tweet.swift in Sources */,
				605396941EA32CE600E7879F /* TweetViewController.swift in Sources */,
				605396901EA302BB00E7879F /* TweetViewCell.swift in Sources */,
				605396831EA0982500E7879F /* LoginViewController.swift in Sources */,
				605396961EA33B9F00E7879F /* ComposeViewController.swift in Sources */,
				6053968E1EA2E34D00E7879F /* TweetsViewController.swift in Sources */,
				6053968C1EA2CCF600E7879F /* TwitterClient.swift in Sources */,
				609AA1AB1EA0973800A46E02 /* AppDelegate.swift in Sources */,
				6083387F1EA3513400B07268 /* ReplyViewController.swift in Sources */,
				608338821EA3766D00B07268 /* TweetsRefreshDelegate.swift in Sources */,
			);
			runOnlyForDeploymentPostprocessing = 0;
		};
/* End PBXSourcesBuildPhase section */

/* Begin PBXVariantGroup section */
		609AA1AE1EA0973900A46E02 /* Main.storyboard */ = {
			isa = PBXVariantGroup;
			children = (
				609AA1AF1EA0973900A46E02 /* Base */,
			);
			name = Main.storyboard;
			sourceTree = "<group>";
		};
		609AA1B31EA0973900A46E02 /* LaunchScreen.storyboard */ = {
			isa = PBXVariantGroup;
			children = (
				609AA1B41EA0973900A46E02 /* Base */,
			);
			name = LaunchScreen.storyboard;
			sourceTree = "<group>";
		};
/* End PBXVariantGroup section */

/* Begin XCBuildConfiguration section */
		609AA1B71EA0973900A46E02 /* Debug */ = {
			isa = XCBuildConfiguration;
			buildSettings = {
				ALWAYS_SEARCH_USER_PATHS = NO;
				CLANG_ANALYZER_NONNULL = YES;
				CLANG_ANALYZER_NUMBER_OBJECT_CONVERSION = YES_AGGRESSIVE;
				CLANG_CXX_LANGUAGE_STANDARD = "gnu++0x";
				CLANG_CXX_LIBRARY = "libc++";
				CLANG_ENABLE_MODULES = YES;
				CLANG_ENABLE_OBJC_ARC = YES;
				CLANG_WARN_BOOL_CONVERSION = YES;
				CLANG_WARN_CONSTANT_CONVERSION = YES;
				CLANG_WARN_DIRECT_OBJC_ISA_USAGE = YES_ERROR;
				CLANG_WARN_DOCUMENTATION_COMMENTS = YES;
				CLANG_WARN_EMPTY_BODY = YES;
				CLANG_WARN_ENUM_CONVERSION = YES;
				CLANG_WARN_INFINITE_RECURSION = YES;
				CLANG_WARN_INT_CONVERSION = YES;
				CLANG_WARN_OBJC_ROOT_CLASS = YES_ERROR;
				CLANG_WARN_SUSPICIOUS_MOVE = YES;
				CLANG_WARN_UNREACHABLE_CODE = YES;
				CLANG_WARN__DUPLICATE_METHOD_MATCH = YES;
				"CODE_SIGN_IDENTITY[sdk=iphoneos*]" = "iPhone Developer";
				COPY_PHASE_STRIP = NO;
				DEBUG_INFORMATION_FORMAT = dwarf;
				ENABLE_STRICT_OBJC_MSGSEND = YES;
				ENABLE_TESTABILITY = YES;
				GCC_C_LANGUAGE_STANDARD = gnu99;
				GCC_DYNAMIC_NO_PIC = NO;
				GCC_NO_COMMON_BLOCKS = YES;
				GCC_OPTIMIZATION_LEVEL = 0;
				GCC_PREPROCESSOR_DEFINITIONS = (
					"DEBUG=1",
					"$(inherited)",
				);
				GCC_WARN_64_TO_32_BIT_CONVERSION = YES;
				GCC_WARN_ABOUT_RETURN_TYPE = YES_ERROR;
				GCC_WARN_UNDECLARED_SELECTOR = YES;
				GCC_WARN_UNINITIALIZED_AUTOS = YES_AGGRESSIVE;
				GCC_WARN_UNUSED_FUNCTION = YES;
				GCC_WARN_UNUSED_VARIABLE = YES;
				IPHONEOS_DEPLOYMENT_TARGET = 10.3;
				MTL_ENABLE_DEBUG_INFO = YES;
				ONLY_ACTIVE_ARCH = YES;
				SDKROOT = iphoneos;
				SWIFT_ACTIVE_COMPILATION_CONDITIONS = DEBUG;
				SWIFT_OPTIMIZATION_LEVEL = "-Onone";
			};
			name = Debug;
		};
		609AA1B81EA0973900A46E02 /* Release */ = {
			isa = XCBuildConfiguration;
			buildSettings = {
				ALWAYS_SEARCH_USER_PATHS = NO;
				CLANG_ANALYZER_NONNULL = YES;
				CLANG_ANALYZER_NUMBER_OBJECT_CONVERSION = YES_AGGRESSIVE;
				CLANG_CXX_LANGUAGE_STANDARD = "gnu++0x";
				CLANG_CXX_LIBRARY = "libc++";
				CLANG_ENABLE_MODULES = YES;
				CLANG_ENABLE_OBJC_ARC = YES;
				CLANG_WARN_BOOL_CONVERSION = YES;
				CLANG_WARN_CONSTANT_CONVERSION = YES;
				CLANG_WARN_DIRECT_OBJC_ISA_USAGE = YES_ERROR;
				CLANG_WARN_DOCUMENTATION_COMMENTS = YES;
				CLANG_WARN_EMPTY_BODY = YES;
				CLANG_WARN_ENUM_CONVERSION = YES;
				CLANG_WARN_INFINITE_RECURSION = YES;
				CLANG_WARN_INT_CONVERSION = YES;
				CLANG_WARN_OBJC_ROOT_CLASS = YES_ERROR;
				CLANG_WARN_SUSPICIOUS_MOVE = YES;
				CLANG_WARN_UNREACHABLE_CODE = YES;
				CLANG_WARN__DUPLICATE_METHOD_MATCH = YES;
				"CODE_SIGN_IDENTITY[sdk=iphoneos*]" = "iPhone Developer";
				COPY_PHASE_STRIP = NO;
				DEBUG_INFORMATION_FORMAT = "dwarf-with-dsym";
				ENABLE_NS_ASSERTIONS = NO;
				ENABLE_STRICT_OBJC_MSGSEND = YES;
				GCC_C_LANGUAGE_STANDARD = gnu99;
				GCC_NO_COMMON_BLOCKS = YES;
				GCC_WARN_64_TO_32_BIT_CONVERSION = YES;
				GCC_WARN_ABOUT_RETURN_TYPE = YES_ERROR;
				GCC_WARN_UNDECLARED_SELECTOR = YES;
				GCC_WARN_UNINITIALIZED_AUTOS = YES_AGGRESSIVE;
				GCC_WARN_UNUSED_FUNCTION = YES;
				GCC_WARN_UNUSED_VARIABLE = YES;
				IPHONEOS_DEPLOYMENT_TARGET = 10.3;
				MTL_ENABLE_DEBUG_INFO = NO;
				SDKROOT = iphoneos;
				SWIFT_OPTIMIZATION_LEVEL = "-Owholemodule";
				VALIDATE_PRODUCT = YES;
			};
			name = Release;
		};
		609AA1BA1EA0973900A46E02 /* Debug */ = {
			isa = XCBuildConfiguration;
			baseConfigurationReference = 0638596EDD72281197752030 /* Pods-TwitterDemo.debug.xcconfig */;
			buildSettings = {
				ASSETCATALOG_COMPILER_APPICON_NAME = AppIcon;
				INFOPLIST_FILE = TwitterDemo/Info.plist;
				LD_RUNPATH_SEARCH_PATHS = "$(inherited) @executable_path/Frameworks";
				PRODUCT_BUNDLE_IDENTIFIER = com.codepath.TwitterDemo;
				PRODUCT_NAME = "$(TARGET_NAME)";
				SWIFT_VERSION = 3.0;
			};
			name = Debug;
		};
		609AA1BB1EA0973900A46E02 /* Release */ = {
			isa = XCBuildConfiguration;
			baseConfigurationReference = 18E3171FFEEF36306B9DA510 /* Pods-TwitterDemo.release.xcconfig */;
			buildSettings = {
				ASSETCATALOG_COMPILER_APPICON_NAME = AppIcon;
				INFOPLIST_FILE = TwitterDemo/Info.plist;
				LD_RUNPATH_SEARCH_PATHS = "$(inherited) @executable_path/Frameworks";
				PRODUCT_BUNDLE_IDENTIFIER = com.codepath.TwitterDemo;
				PRODUCT_NAME = "$(TARGET_NAME)";
				SWIFT_VERSION = 3.0;
			};
			name = Release;
		};
/* End XCBuildConfiguration section */

/* Begin XCConfigurationList section */
		609AA1A21EA0973800A46E02 /* Build configuration list for PBXProject "TwitterDemo" */ = {
			isa = XCConfigurationList;
			buildConfigurations = (
				609AA1B71EA0973900A46E02 /* Debug */,
				609AA1B81EA0973900A46E02 /* Release */,
			);
			defaultConfigurationIsVisible = 0;
			defaultConfigurationName = Release;
		};
		609AA1B91EA0973900A46E02 /* Build configuration list for PBXNativeTarget "TwitterDemo" */ = {
			isa = XCConfigurationList;
			buildConfigurations = (
				609AA1BA1EA0973900A46E02 /* Debug */,
				609AA1BB1EA0973900A46E02 /* Release */,
			);
			defaultConfigurationIsVisible = 0;
			defaultConfigurationName = Release;
		};
/* End XCConfigurationList section */
	};
	rootObject = 609AA19F1EA0973800A46E02 /* Project object */;
}
